
Microsoft Visual Studio Solution File, Format Version 12.00
# Visual Studio Version 16
VisualStudioVersion = 16.0.29709.97
MinimumVisualStudioVersion = 10.0.40219.1
Project("{FAE04EC0-301F-11D3-BF4B-00C04F79EFBC}") = "Moduler", "Moduler\Moduler.csproj", "{D8D41EEF-B134-41DA-A174-074C8E1C097D}"
EndProject
Project("{FAE04EC0-301F-11D3-BF4B-00C04F79EFBC}") = "Moduler.Example", "Moduler.Example\Moduler.Example.csproj", "{C03ED914-8B47-4A67-8FC7-7000CF0D4EFA}"
EndProject
Global
	GlobalSection(SolutionConfigurationPlatforms) = preSolution
		Debug|Any CPU = Debug|Any CPU
		Release|Any CPU = Release|Any CPU
	EndGlobalSection
	GlobalSection(ProjectConfigurationPlatforms) = postSolution
		{D8D41EEF-B134-41DA-A174-074C8E1C097D}.Debug|Any CPU.ActiveCfg = Debug|Any CPU
		{D8D41EEF-B134-41DA-A174-074C8E1C097D}.Debug|Any CPU.Build.0 = Debug|Any CPU
		{D8D41EEF-B134-41DA-A174-074C8E1C097D}.Release|Any CPU.ActiveCfg = Release|Any CPU
		{D8D41EEF-B134-41DA-A174-074C8E1C097D}.Release|Any CPU.Build.0 = Release|Any CPU
		{C03ED914-8B47-4A67-8FC7-7000CF0D4EFA}.Debug|Any CPU.ActiveCfg = Debug|Any CPU
		{C03ED914-8B47-4A67-8FC7-7000CF0D4EFA}.Debug|Any CPU.Build.0 = Debug|Any CPU
		{C03ED914-8B47-4A67-8FC7-7000CF0D4EFA}.Release|Any CPU.ActiveCfg = Release|Any CPU
		{C03ED914-8B47-4A67-8FC7-7000CF0D4EFA}.Release|Any CPU.Build.0 = Release|Any CPU
	EndGlobalSection
	GlobalSection(SolutionProperties) = preSolution
		HideSolutionNode = FALSE
	EndGlobalSection
	GlobalSection(ExtensibilityGlobals) = postSolution
		SolutionGuid = {CFC32FE3-5B51-4815-8E27-BEF8D1DEB259}
	EndGlobalSection
EndGlobal
